
Microsoft Visual Studio Solution File, Format Version 12.00
# Visual Studio Version 17
VisualStudioVersion = 17.9.34728.123
MinimumVisualStudioVersion = 10.0.40219.1
Project("{FAE04EC0-301F-11D3-BF4B-00C04F79EFBC}") = "BadmintonSocialNetwork.API", "BadmintonSocialNetwork.API\BadmintonSocialNetwork.API.csproj", "{EE94F23D-C8D3-44D4-856F-0D64A574E04C}"
EndProject
Project("{FAE04EC0-301F-11D3-BF4B-00C04F79EFBC}") = "BadmintonSocialNetwork.Repository", "BadmintonSocialNetwork.Repository\BadmintonSocialNetwork.Repository.csproj", "{4E8E7803-C637-4B6E-9706-3F3EF7ACFD31}"
EndProject
Project("{FAE04EC0-301F-11D3-BF4B-00C04F79EFBC}") = "BadmintonSocialNetwork.Service", "BadmintonSocialNetwork.Service\BadmintonSocialNetwork.Service.csproj", "{AC92CA76-084B-4FCB-9FFA-7CB5F008B633}"
EndProject
Global
	GlobalSection(SolutionConfigurationPlatforms) = preSolution
		Debug|Any CPU = Debug|Any CPU
		Release|Any CPU = Release|Any CPU
	EndGlobalSection
	GlobalSection(ProjectConfigurationPlatforms) = postSolution
		{EE94F23D-C8D3-44D4-856F-0D64A574E04C}.Debug|Any CPU.ActiveCfg = Debug|Any CPU
		{EE94F23D-C8D3-44D4-856F-0D64A574E04C}.Debug|Any CPU.Build.0 = Debug|Any CPU
		{EE94F23D-C8D3-44D4-856F-0D64A574E04C}.Release|Any CPU.ActiveCfg = Release|Any CPU
		{EE94F23D-C8D3-44D4-856F-0D64A574E04C}.Release|Any CPU.Build.0 = Release|Any CPU
		{4E8E7803-C637-4B6E-9706-3F3EF7ACFD31}.Debug|Any CPU.ActiveCfg = Debug|Any CPU
		{4E8E7803-C637-4B6E-9706-3F3EF7ACFD31}.Debug|Any CPU.Build.0 = Debug|Any CPU
		{4E8E7803-C637-4B6E-9706-3F3EF7ACFD31}.Release|Any CPU.ActiveCfg = Release|Any CPU
		{4E8E7803-C637-4B6E-9706-3F3EF7ACFD31}.Release|Any CPU.Build.0 = Release|Any CPU
		{AC92CA76-084B-4FCB-9FFA-7CB5F008B633}.Debug|Any CPU.ActiveCfg = Debug|Any CPU
		{AC92CA76-084B-4FCB-9FFA-7CB5F008B633}.Debug|Any CPU.Build.0 = Debug|Any CPU
		{AC92CA76-084B-4FCB-9FFA-7CB5F008B633}.Release|Any CPU.ActiveCfg = Release|Any CPU
		{AC92CA76-084B-4FCB-9FFA-7CB5F008B633}.Release|Any CPU.Build.0 = Release|Any CPU
	EndGlobalSection
	GlobalSection(SolutionProperties) = preSolution
		HideSolutionNode = FALSE
	EndGlobalSection
	GlobalSection(ExtensibilityGlobals) = postSolution
		SolutionGuid = {EF717E58-E499-4D00-A997-81B05C68E782}
	EndGlobalSection
EndGlobal
